
Microsoft Visual Studio Solution File, Format Version 12.00
# Visual Studio Version 17
VisualStudioVersion = 17.13.35931.197 d17.13
MinimumVisualStudioVersion = 10.0.40219.1
Project("{FAE04EC0-301F-11D3-BF4B-00C04F79EFBC}") = "WFConFin", "WFConFin\WFConFin.csproj", "{BBB74B59-CD04-492E-9E08-6059646DC31D}"
EndProject
Global
	GlobalSection(SolutionConfigurationPlatforms) = preSolution
		Debug|Any CPU = Debug|Any CPU
		Release|Any CPU = Release|Any CPU
	EndGlobalSection
	GlobalSection(ProjectConfigurationPlatforms) = postSolution
		{BBB74B59-CD04-492E-9E08-6059646DC31D}.Debug|Any CPU.ActiveCfg = Debug|Any CPU
		{BBB74B59-CD04-492E-9E08-6059646DC31D}.Debug|Any CPU.Build.0 = Debug|Any CPU
		{BBB74B59-CD04-492E-9E08-6059646DC31D}.Release|Any CPU.ActiveCfg = Release|Any CPU
		{BBB74B59-CD04-492E-9E08-6059646DC31D}.Release|Any CPU.Build.0 = Release|Any CPU
	EndGlobalSection
	GlobalSection(SolutionProperties) = preSolution
		HideSolutionNode = FALSE
	EndGlobalSection
	GlobalSection(ExtensibilityGlobals) = postSolution
		SolutionGuid = {AE24ABE1-A7F0-4913-AEE0-4107B383359D}
	EndGlobalSection
EndGlobal
